
Microsoft Visual Studio Solution File, Format Version 12.00
# Visual Studio Version 17
VisualStudioVersion = 17.0.31903.59
MinimumVisualStudioVersion = 10.0.40219.1
Project("{FAE04EC0-301F-11D3-BF4B-00C04F79EFBC}") = "Blackjack", "Blackjack\Blackjack.csproj", "{7B6D3A58-32F7-4C6E-8148-E1610D14B1C3}"
EndProject
Project("{FAE04EC0-301F-11D3-BF4B-00C04F79EFBC}") = "Blackjack.Tests", "Blackjack.Tests\Blackjack.Tests.csproj", "{679DC017-5358-4AC3-A66F-4ED3EF0C84E0}"
EndProject
Global
	GlobalSection(SolutionConfigurationPlatforms) = preSolution
		Debug|Any CPU = Debug|Any CPU
		Debug|x64 = Debug|x64
		Debug|x86 = Debug|x86
		Release|Any CPU = Release|Any CPU
		Release|x64 = Release|x64
		Release|x86 = Release|x86
	EndGlobalSection
	GlobalSection(ProjectConfigurationPlatforms) = postSolution
		{7B6D3A58-32F7-4C6E-8148-E1610D14B1C3}.Debug|Any CPU.ActiveCfg = Debug|Any CPU
		{7B6D3A58-32F7-4C6E-8148-E1610D14B1C3}.Debug|Any CPU.Build.0 = Debug|Any CPU
		{7B6D3A58-32F7-4C6E-8148-E1610D14B1C3}.Debug|x64.ActiveCfg = Debug|Any CPU
		{7B6D3A58-32F7-4C6E-8148-E1610D14B1C3}.Debug|x64.Build.0 = Debug|Any CPU
		{7B6D3A58-32F7-4C6E-8148-E1610D14B1C3}.Debug|x86.ActiveCfg = Debug|Any CPU
		{7B6D3A58-32F7-4C6E-8148-E1610D14B1C3}.Debug|x86.Build.0 = Debug|Any CPU
		{7B6D3A58-32F7-4C6E-8148-E1610D14B1C3}.Release|Any CPU.ActiveCfg = Release|Any CPU
		{7B6D3A58-32F7-4C6E-8148-E1610D14B1C3}.Release|Any CPU.Build.0 = Release|Any CPU
		{7B6D3A58-32F7-4C6E-8148-E1610D14B1C3}.Release|x64.ActiveCfg = Release|Any CPU
		{7B6D3A58-32F7-4C6E-8148-E1610D14B1C3}.Release|x64.Build.0 = Release|Any CPU
		{7B6D3A58-32F7-4C6E-8148-E1610D14B1C3}.Release|x86.ActiveCfg = Release|Any CPU
		{7B6D3A58-32F7-4C6E-8148-E1610D14B1C3}.Release|x86.Build.0 = Release|Any CPU
		{679DC017-5358-4AC3-A66F-4ED3EF0C84E0}.Debug|Any CPU.ActiveCfg = Debug|Any CPU
		{679DC017-5358-4AC3-A66F-4ED3EF0C84E0}.Debug|Any CPU.Build.0 = Debug|Any CPU
		{679DC017-5358-4AC3-A66F-4ED3EF0C84E0}.Debug|x64.ActiveCfg = Debug|Any CPU
		{679DC017-5358-4AC3-A66F-4ED3EF0C84E0}.Debug|x64.Build.0 = Debug|Any CPU
		{679DC017-5358-4AC3-A66F-4ED3EF0C84E0}.Debug|x86.ActiveCfg = Debug|Any CPU
		{679DC017-5358-4AC3-A66F-4ED3EF0C84E0}.Debug|x86.Build.0 = Debug|Any CPU
		{679DC017-5358-4AC3-A66F-4ED3EF0C84E0}.Release|Any CPU.ActiveCfg = Release|Any CPU
		{679DC017-5358-4AC3-A66F-4ED3EF0C84E0}.Release|Any CPU.Build.0 = Release|Any CPU
		{679DC017-5358-4AC3-A66F-4ED3EF0C84E0}.Release|x64.ActiveCfg = Release|Any CPU
		{679DC017-5358-4AC3-A66F-4ED3EF0C84E0}.Release|x64.Build.0 = Release|Any CPU
		{679DC017-5358-4AC3-A66F-4ED3EF0C84E0}.Release|x86.ActiveCfg = Release|Any CPU
		{679DC017-5358-4AC3-A66F-4ED3EF0C84E0}.Release|x86.Build.0 = Release|Any CPU
	EndGlobalSection
	GlobalSection(SolutionProperties) = preSolution
		HideSolutionNode = FALSE
	EndGlobalSection
EndGlobal
